
Microsoft Visual Studio Solution File, Format Version 12.00
# Visual Studio Version 17
VisualStudioVersion = 17.5.33530.505
MinimumVisualStudioVersion = 10.0.40219.1
Project("{FAE04EC0-301F-11D3-BF4B-00C04F79EFBC}") = "eTickets", "eTickets.csproj", "{AE6A1BE7-886F-4E50-A1FD-AA958BC1CEB5}"
EndProject
Global
	GlobalSection(SolutionConfigurationPlatforms) = preSolution
		Debug|Any CPU = Debug|Any CPU
		Release|Any CPU = Release|Any CPU
	EndGlobalSection
	GlobalSection(ProjectConfigurationPlatforms) = postSolution
		{AE6A1BE7-886F-4E50-A1FD-AA958BC1CEB5}.Debug|Any CPU.ActiveCfg = Debug|Any CPU
		{AE6A1BE7-886F-4E50-A1FD-AA958BC1CEB5}.Debug|Any CPU.Build.0 = Debug|Any CPU
		{AE6A1BE7-886F-4E50-A1FD-AA958BC1CEB5}.Release|Any CPU.ActiveCfg = Release|Any CPU
		{AE6A1BE7-886F-4E50-A1FD-AA958BC1CEB5}.Release|Any CPU.Build.0 = Release|Any CPU
	EndGlobalSection
	GlobalSection(SolutionProperties) = preSolution
		HideSolutionNode = FALSE
	EndGlobalSection
	GlobalSection(ExtensibilityGlobals) = postSolution
		SolutionGuid = {84E010DE-1991-4FC6-AB16-55FDB79B596D}
	EndGlobalSection
EndGlobal
